version = 1
revision = 2
requires-python = ">=3.11"

[[package]]
name = "catalogue"
version = "2.0.10"
source = { registry = "https://pypi.org/simple" }
sdist = { url = "https://files.pythonhosted.org/packages/38/b4/244d58127e1cdf04cf2dc7d9566f0d24ef01d5ce21811bab088ecc62b5ea/catalogue-2.0.10.tar.gz", hash = "sha256:4f56daa940913d3f09d589c191c74e5a6d51762b3a9e37dd53b7437afd6cda15", size = 19561, upload-time = "2023-09-25T06:29:24.962Z" }
wheels = [
    { url = "https://files.pythonhosted.org/packages/9e/96/d32b941a501ab566a16358d68b6eb4e4acc373fab3c3c4d7d9e649f7b4bb/catalogue-2.0.10-py3-none-any.whl", hash = "sha256:58c2de0020aa90f4a2da7dfad161bf7b3b054c86a5f09fcedc0b2b740c109a9f", size = 17325, upload-time = "2023-09-25T06:29:23.337Z" },
]

[[package]]
name = "pika"
version = "1.3.2"
source = { registry = "https://pypi.org/simple" }
sdist = { url = "https://files.pythonhosted.org/packages/db/db/d4102f356af18f316c67f2cead8ece307f731dd63140e2c71f170ddacf9b/pika-1.3.2.tar.gz", hash = "sha256:b2a327ddddf8570b4965b3576ac77091b850262d34ce8c1d8cb4e4146aa4145f", size = 145029, upload-time = "2023-05-05T14:25:43.368Z" }
wheels = [
    { url = "https://files.pythonhosted.org/packages/f9/f3/f412836ec714d36f0f4ab581b84c491e3f42c6b5b97a6c6ed1817f3c16d0/pika-1.3.2-py3-none-any.whl", hash = "sha256:0779a7c1fafd805672796085560d290213a465e4f6f76a6fb19e378d8041a14f", size = 155415, upload-time = "2023-05-05T14:25:41.484Z" },
]

[[package]]
name = "pythonai"
version = "0.1.0"
source = { virtual = "." }
dependencies = [
    { name = "pika" },
    { name = "srsly" },
]

[package.metadata]
requires-dist = [
    { name = "pika", specifier = ">=1.3.2" },
    { name = "srsly", specifier = ">=2.5.1" },
]

[[package]]
name = "srsly"
version = "2.5.1"
source = { registry = "https://pypi.org/simple" }
dependencies = [
    { name = "catalogue" },
]
sdist = { url = "https://files.pythonhosted.org/packages/b7/e8/eb51b1349f50bac0222398af0942613fdc9d1453ae67cbe4bf9936a1a54b/srsly-2.5.1.tar.gz", hash = "sha256:ab1b4bf6cf3e29da23dae0493dd1517fb787075206512351421b89b4fc27c77e", size = 466464, upload-time = "2025-01-17T09:26:26.919Z" }
wheels = [
    { url = "https://files.pythonhosted.org/packages/df/9c/a248bb49de499fe0990e3cb0fb341c2373d8863ef9a8b5799353cade5731/srsly-2.5.1-cp311-cp311-macosx_10_9_x86_64.whl", hash = "sha256:58f0736794ce00a71d62a39cbba1d62ea8d5be4751df956e802d147da20ecad7", size = 635917, upload-time = "2025-01-17T09:25:25.109Z" },
    { url = "https://files.pythonhosted.org/packages/41/47/1bdaad84502df973ecb8ca658117234cf7fb20e1dec60da71dce82de993f/srsly-2.5.1-cp311-cp311-macosx_11_0_arm64.whl", hash = "sha256:7a8269c40859806d71920396d185f4f38dc985cdb6a28d3a326a701e29a5f629", size = 634374, upload-time = "2025-01-17T09:25:26.609Z" },
    { url = "https://files.pythonhosted.org/packages/e5/2a/d73c71989fcf2a6d1fa518d75322aff4db01a8763f167f8c5e00aac11097/srsly-2.5.1-cp311-cp311-manylinux_2_17_aarch64.manylinux2014_aarch64.whl", hash = "sha256:889905900401fefc1032e22b73aecbed8b4251aa363f632b2d1f86fc16f1ad8e", size = 1108390, upload-time = "2025-01-17T09:25:29.32Z" },
    { url = "https://files.pythonhosted.org/packages/35/a3/9eda9997a8bd011caed18fdaa5ce606714eb06d8dab587ed0522b3e92ab1/srsly-2.5.1-cp311-cp311-manylinux_2_17_x86_64.manylinux2014_x86_64.whl", hash = "sha256:bf454755f22589df49c25dc799d8af7b47dce3d861dded35baf0f0b6ceab4422", size = 1110712, upload-time = "2025-01-17T09:25:31.051Z" },
    { url = "https://files.pythonhosted.org/packages/8a/ef/4b50bc05d06349f905b27f824cc23b652098efd4be19aead3af4981df647/srsly-2.5.1-cp311-cp311-musllinux_1_2_aarch64.whl", hash = "sha256:cc0607c8a59013a51dde5c1b4e465558728e9e0a35dcfa73c7cbefa91a0aad50", size = 1081244, upload-time = "2025-01-17T09:25:32.611Z" },
    { url = "https://files.pythonhosted.org/packages/90/af/d4a2512d9a5048d2b18efead39d4c4404bddd4972935bbc68211292a736c/srsly-2.5.1-cp311-cp311-musllinux_1_2_x86_64.whl", hash = "sha256:d5421ba3ab3c790e8b41939c51a1d0f44326bfc052d7a0508860fb79a47aee7f", size = 1091692, upload-time = "2025-01-17T09:25:34.15Z" },
    { url = "https://files.pythonhosted.org/packages/bb/da/657a685f63028dcb00ccdc4ac125ed347c8bff6fa0dab6a9eb3dc45f3223/srsly-2.5.1-cp311-cp311-win_amd64.whl", hash = "sha256:b96ea5a9a0d0379a79c46d255464a372fb14c30f59a8bc113e4316d131a530ab", size = 632627, upload-time = "2025-01-17T09:25:37.36Z" },
    { url = "https://files.pythonhosted.org/packages/fb/f6/bebc20d75bd02121fc0f65ad8c92a5dd2570e870005e940faa55a263e61a/srsly-2.5.1-cp312-cp312-macosx_10_13_x86_64.whl", hash = "sha256:683b54ed63d7dfee03bc2abc4b4a5f2152f81ec217bbadbac01ef1aaf2a75790", size = 636717, upload-time = "2025-01-17T09:25:40.236Z" },
    { url = "https://files.pythonhosted.org/packages/b6/e8/9372317a4742c70b87b413335adfcdfb2bee4f88f3faba89fabb9e6abf21/srsly-2.5.1-cp312-cp312-macosx_11_0_arm64.whl", hash = "sha256:459d987130e57e83ce9e160899afbeb871d975f811e6958158763dd9a8a20f23", size = 634697, upload-time = "2025-01-17T09:25:43.605Z" },
    { url = "https://files.pythonhosted.org/packages/d5/00/c6a7b99ab27b051a27bd26fe1a8c1885225bb8980282bf9cb99f70610368/srsly-2.5.1-cp312-cp312-manylinux_2_17_aarch64.manylinux2014_aarch64.whl", hash = "sha256:184e3c98389aab68ff04aab9095bd5f1a8e5a72cc5edcba9d733bac928f5cf9f", size = 1134655, upload-time = "2025-01-17T09:25:45.238Z" },
    { url = "https://files.pythonhosted.org/packages/c2/e6/861459e8241ec3b78c111081bd5efa414ef85867e17c45b6882954468d6e/srsly-2.5.1-cp312-cp312-manylinux_2_17_x86_64.manylinux2014_x86_64.whl", hash = "sha256:00c2a3e4856e63b7efd47591d049aaee8e5a250e098917f50d93ea68853fab78", size = 1143544, upload-time = "2025-01-17T09:25:47.485Z" },
    { url = "https://files.pythonhosted.org/packages/2d/85/8448fe874dd2042a4eceea5315cfff3af03ac77ff5073812071852c4e7e2/srsly-2.5.1-cp312-cp312-musllinux_1_2_aarch64.whl", hash = "sha256:366b4708933cd8d6025c13c2cea3331f079c7bb5c25ec76fca392b6fc09818a0", size = 1098330, upload-time = "2025-01-17T09:25:52.55Z" },
    { url = "https://files.pythonhosted.org/packages/ef/7e/04d0e1417da140b2ac4053a3d4fcfc86cd59bf4829f69d370bb899f74d5d/srsly-2.5.1-cp312-cp312-musllinux_1_2_x86_64.whl", hash = "sha256:c8a0b03c64eb6e150d772c5149befbadd981cc734ab13184b0561c17c8cef9b1", size = 1110670, upload-time = "2025-01-17T09:25:54.02Z" },
    { url = "https://files.pythonhosted.org/packages/96/1a/a8cd627eaa81a91feb6ceab50155f4ceff3eef6107916cb87ef796958427/srsly-2.5.1-cp312-cp312-win_amd64.whl", hash = "sha256:7952538f6bba91b9d8bf31a642ac9e8b9ccc0ccbb309feb88518bfb84bb0dc0d", size = 632598, upload-time = "2025-01-17T09:25:55.499Z" },
    { url = "https://files.pythonhosted.org/packages/42/94/cab36845aad6e2c22ecee1178accaa365657296ff87305b805648fd41118/srsly-2.5.1-cp313-cp313-macosx_10_13_x86_64.whl", hash = "sha256:84b372f7ef1604b4a5b3cee1571993931f845a5b58652ac01bcb32c52586d2a8", size = 634883, upload-time = "2025-01-17T09:25:58.363Z" },
    { url = "https://files.pythonhosted.org/packages/67/8b/501f51f4eaee7e1fd7327764799cb0a42f5d0de042a97916d30dbff770fc/srsly-2.5.1-cp313-cp313-macosx_11_0_arm64.whl", hash = "sha256:6ac3944c112acb3347a39bfdc2ebfc9e2d4bace20fe1c0b764374ac5b83519f2", size = 632842, upload-time = "2025-01-17T09:25:59.777Z" },
    { url = "https://files.pythonhosted.org/packages/07/be/5b8fce4829661e070a7d3e262d2e533f0e297b11b8993d57240da67d7330/srsly-2.5.1-cp313-cp313-manylinux_2_17_aarch64.manylinux2014_aarch64.whl", hash = "sha256:6118f9c4b221cde0a990d06a42c8a4845218d55b425d8550746fe790acf267e9", size = 1118516, upload-time = "2025-01-17T09:26:01.234Z" },
    { url = "https://files.pythonhosted.org/packages/91/60/a34e97564eac352c0e916c98f44b6f566b7eb6a9fb60bcd60ffa98530762/srsly-2.5.1-cp313-cp313-manylinux_2_17_x86_64.manylinux2014_x86_64.whl", hash = "sha256:7481460110d9986781d9e4ac0f5f991f1d6839284a80ad268625f9a23f686950", size = 1127974, upload-time = "2025-01-17T09:26:04.007Z" },
    { url = "https://files.pythonhosted.org/packages/70/a2/f642334db0cabd187fa86b8773257ee6993c6009338a6831d4804e2c5b3c/srsly-2.5.1-cp313-cp313-musllinux_1_2_aarch64.whl", hash = "sha256:6e57b8138082f09e35db60f99757e16652489e9e3692471d8e0c39aa95180688", size = 1086098, upload-time = "2025-01-17T09:26:05.612Z" },
    { url = "https://files.pythonhosted.org/packages/0d/9b/be48e185c5a010e71b5135e4cdf317ff56b8ac4bc08f394bbf882ac13b05/srsly-2.5.1-cp313-cp313-musllinux_1_2_x86_64.whl", hash = "sha256:bab90b85a63a1fe0bbc74d373c8bb9bb0499ddfa89075e0ebe8d670f12d04691", size = 1100354, upload-time = "2025-01-17T09:26:07.215Z" },
    { url = "https://files.pythonhosted.org/packages/3a/e2/745aeba88a8513017fbac2fd2f9f07b8a36065e51695f818541eb795ec0c/srsly-2.5.1-cp313-cp313-win_amd64.whl", hash = "sha256:e73712be1634b5e1de6f81c273a7d47fe091ad3c79dc779c03d3416a5c117cee", size = 630634, upload-time = "2025-01-17T09:26:10.018Z" },
]
